
Microsoft Visual Studio Solution File, Format Version 12.00
# Visual Studio Version 17
VisualStudioVersion = 17.7.34221.43
MinimumVisualStudioVersion = 10.0.40219.1
Project("{9A19103F-16F7-4668-BE54-9A1E7A4F7556}") = "Admin.NETCore.API", "Admin.NETCore.API\Admin.NETCore.API.csproj", "{C0BA9C17-9F36-4A9B-9A01-6B58CA61410E}"
EndProject
Project("{9A19103F-16F7-4668-BE54-9A1E7A4F7556}") = "Admin.NETCore.BLL", "Admin.NETCore.BLL\Admin.NETCore.BLL.csproj", "{C885E268-7A60-4BDE-A1FD-84D594F029B9}"
EndProject
Project("{9A19103F-16F7-4668-BE54-9A1E7A4F7556}") = "Admin.NETCore.Common", "Admin.NETCore.Common\Admin.NETCore.Common.csproj", "{D4336A7A-D372-4723-B997-BD4341C40D46}"
EndProject
Project("{9A19103F-16F7-4668-BE54-9A1E7A4F7556}") = "Admin.NETCore.DAL", "Admin.NETCore.DAL\Admin.NETCore.DAL.csproj", "{1B41DE27-6B6B-4214-8126-04BE4E6D9B3E}"
EndProject
Project("{9A19103F-16F7-4668-BE54-9A1E7A4F7556}") = "Admin.NETCore.Models", "Admin.NETCore.Models\Admin.NETCore.Models.csproj", "{24907586-9F9B-4FE0-BA9E-55722DC036E0}"
EndProject
Global
	GlobalSection(SolutionConfigurationPlatforms) = preSolution
		Debug|Any CPU = Debug|Any CPU
		Release|Any CPU = Release|Any CPU
	EndGlobalSection
	GlobalSection(ProjectConfigurationPlatforms) = postSolution
		{C0BA9C17-9F36-4A9B-9A01-6B58CA61410E}.Debug|Any CPU.ActiveCfg = Debug|Any CPU
		{C0BA9C17-9F36-4A9B-9A01-6B58CA61410E}.Debug|Any CPU.Build.0 = Debug|Any CPU
		{C0BA9C17-9F36-4A9B-9A01-6B58CA61410E}.Release|Any CPU.ActiveCfg = Release|Any CPU
		{C0BA9C17-9F36-4A9B-9A01-6B58CA61410E}.Release|Any CPU.Build.0 = Release|Any CPU
		{C885E268-7A60-4BDE-A1FD-84D594F029B9}.Debug|Any CPU.ActiveCfg = Debug|Any CPU
		{C885E268-7A60-4BDE-A1FD-84D594F029B9}.Debug|Any CPU.Build.0 = Debug|Any CPU
		{C885E268-7A60-4BDE-A1FD-84D594F029B9}.Release|Any CPU.ActiveCfg = Release|Any CPU
		{C885E268-7A60-4BDE-A1FD-84D594F029B9}.Release|Any CPU.Build.0 = Release|Any CPU
		{D4336A7A-D372-4723-B997-BD4341C40D46}.Debug|Any CPU.ActiveCfg = Debug|Any CPU
		{D4336A7A-D372-4723-B997-BD4341C40D46}.Debug|Any CPU.Build.0 = Debug|Any CPU
		{D4336A7A-D372-4723-B997-BD4341C40D46}.Release|Any CPU.ActiveCfg = Release|Any CPU
		{D4336A7A-D372-4723-B997-BD4341C40D46}.Release|Any CPU.Build.0 = Release|Any CPU
		{1B41DE27-6B6B-4214-8126-04BE4E6D9B3E}.Debug|Any CPU.ActiveCfg = Debug|Any CPU
		{1B41DE27-6B6B-4214-8126-04BE4E6D9B3E}.Debug|Any CPU.Build.0 = Debug|Any CPU
		{1B41DE27-6B6B-4214-8126-04BE4E6D9B3E}.Release|Any CPU.ActiveCfg = Release|Any CPU
		{1B41DE27-6B6B-4214-8126-04BE4E6D9B3E}.Release|Any CPU.Build.0 = Release|Any CPU
		{24907586-9F9B-4FE0-BA9E-55722DC036E0}.Debug|Any CPU.ActiveCfg = Debug|Any CPU
		{24907586-9F9B-4FE0-BA9E-55722DC036E0}.Debug|Any CPU.Build.0 = Debug|Any CPU
		{24907586-9F9B-4FE0-BA9E-55722DC036E0}.Release|Any CPU.ActiveCfg = Release|Any CPU
		{24907586-9F9B-4FE0-BA9E-55722DC036E0}.Release|Any CPU.Build.0 = Release|Any CPU
	EndGlobalSection
	GlobalSection(SolutionProperties) = preSolution
		HideSolutionNode = FALSE
	EndGlobalSection
	GlobalSection(ExtensibilityGlobals) = postSolution
		SolutionGuid = {603DF459-5A21-41FF-A978-1546904F10BA}
	EndGlobalSection
EndGlobal
